// !$*UTF8*$!
{
	archiveVersion = 1;
	classes = {
	};
	objectVersion = 55;
	objects = {

/* Begin PBXBuildFile section */
		E29F2B4D2770565900F17A13 /* AppDelegate.swift in Sources */ = {isa = PBXBuildFile; fileRef = E29F2B4C2770565900F17A13 /* AppDelegate.swift */; };
		E29F2B4F2770565900F17A13 /* SceneDelegate.swift in Sources */ = {isa = PBXBuildFile; fileRef = E29F2B4E2770565900F17A13 /* SceneDelegate.swift */; };
		E29F2B512770565900F17A13 /* ViewController.swift in Sources */ = {isa = PBXBuildFile; fileRef = E29F2B502770565900F17A13 /* ViewController.swift */; };
		E29F2B572770565900F17A13 /* CleanMVVM.xcdatamodeld in Sources */ = {isa = PBXBuildFile; fileRef = E29F2B552770565900F17A13 /* CleanMVVM.xcdatamodeld */; };
		E29F2B592770565B00F17A13 /* Assets.xcassets in Resources */ = {isa = PBXBuildFile; fileRef = E29F2B582770565B00F17A13 /* Assets.xcassets */; };
		E29F2B5C2770565B00F17A13 /* LaunchScreen.storyboard in Resources */ = {isa = PBXBuildFile; fileRef = E29F2B5A2770565B00F17A13 /* LaunchScreen.storyboard */; };
		E29F2B672770565B00F17A13 /* CleanMVVMTests.swift in Sources */ = {isa = PBXBuildFile; fileRef = E29F2B662770565B00F17A13 /* CleanMVVMTests.swift */; };
		E29F2B712770565B00F17A13 /* CleanMVVMUITests.swift in Sources */ = {isa = PBXBuildFile; fileRef = E29F2B702770565B00F17A13 /* CleanMVVMUITests.swift */; };
		E29F2B732770565B00F17A13 /* CleanMVVMUITestsLaunchTests.swift in Sources */ = {isa = PBXBuildFile; fileRef = E29F2B722770565B00F17A13 /* CleanMVVMUITestsLaunchTests.swift */; };
		E29F2B9B277190CC00F17A13 /* Networking.swift in Sources */ = {isa = PBXBuildFile; fileRef = E29F2B9A277190CC00F17A13 /* Networking.swift */; };
		E29F2B9E2771912000F17A13 /* Extensions.swift in Sources */ = {isa = PBXBuildFile; fileRef = E29F2B9D2771912000F17A13 /* Extensions.swift */; };
		E29F2BA12771992F00F17A13 /* CocoaLumberjack in Frameworks */ = {isa = PBXBuildFile; productRef = E29F2BA02771992F00F17A13 /* CocoaLumberjack */; };
		E29F2BA32771992F00F17A13 /* CocoaLumberjackSwift in Frameworks */ = {isa = PBXBuildFile; productRef = E29F2BA22771992F00F17A13 /* CocoaLumberjackSwift */; };
		E29F2BA62771995400F17A13 /* Logger.swift in Sources */ = {isa = PBXBuildFile; fileRef = E29F2BA52771995400F17A13 /* Logger.swift */; };
		E29F2BA9277199AA00F17A13 /* ViewModelType.swift in Sources */ = {isa = PBXBuildFile; fileRef = E29F2BA8277199AA00F17A13 /* ViewModelType.swift */; };
		E29F2BAC277199DF00F17A13 /* CoordinatorType.swift in Sources */ = {isa = PBXBuildFile; fileRef = E29F2BAB277199DF00F17A13 /* CoordinatorType.swift */; };
		E29F2BAF27719A0200F17A13 /* TransitionType.swift in Sources */ = {isa = PBXBuildFile; fileRef = E29F2BAE27719A0200F17A13 /* TransitionType.swift */; };
		E29F2BB127719D1C00F17A13 /* Scene.swift in Sources */ = {isa = PBXBuildFile; fileRef = E29F2BB027719D1C00F17A13 /* Scene.swift */; };
		E29F2BB327719D6C00F17A13 /* AppCoordinator.swift in Sources */ = {isa = PBXBuildFile; fileRef = E29F2BB227719D6C00F17A13 /* AppCoordinator.swift */; };
		E29F2BB527719D8800F17A13 /* BindableType.swift in Sources */ = {isa = PBXBuildFile; fileRef = E29F2BB427719D8800F17A13 /* BindableType.swift */; };
		E29F2BB727719DAB00F17A13 /* ServiceProvider.swift in Sources */ = {isa = PBXBuildFile; fileRef = E29F2BB627719DAB00F17A13 /* ServiceProvider.swift */; };
		E29F2BB927719DC000F17A13 /* BaseService.swift in Sources */ = {isa = PBXBuildFile; fileRef = E29F2BB827719DC000F17A13 /* BaseService.swift */; };
		E29F2BBC27719E1300F17A13 /* Then in Frameworks */ = {isa = PBXBuildFile; productRef = E29F2BBB27719E1300F17A13 /* Then */; };
		E2E3D6DD2772094F0032AEB3 /* RxGesture in Frameworks */ = {isa = PBXBuildFile; productRef = E2E3D6DC2772094F0032AEB3 /* RxGesture */; };
		E2E3D6E327720A1D0032AEB3 /* Moya in Frameworks */ = {isa = PBXBuildFile; productRef = E2E3D6E227720A1D0032AEB3 /* Moya */; };
		E2E3D6E527720A1D0032AEB3 /* RxMoya in Frameworks */ = {isa = PBXBuildFile; productRef = E2E3D6E427720A1D0032AEB3 /* RxMoya */; };
		E2E3D6E827720B040032AEB3 /* Rx+ViewController.swift in Sources */ = {isa = PBXBuildFile; fileRef = E2E3D6E727720B040032AEB3 /* Rx+ViewController.swift */; };
		E2E3D6EB27720E8D0032AEB3 /* RxBlocking in Frameworks */ = {isa = PBXBuildFile; productRef = E2E3D6EA27720E8D0032AEB3 /* RxBlocking */; };
		E2E3D6ED27720E8D0032AEB3 /* RxCocoa in Frameworks */ = {isa = PBXBuildFile; productRef = E2E3D6EC27720E8D0032AEB3 /* RxCocoa */; };
		E2E3D6EF27720E8D0032AEB3 /* RxRelay in Frameworks */ = {isa = PBXBuildFile; productRef = E2E3D6EE27720E8D0032AEB3 /* RxRelay */; };
		E2E3D6F127720E8D0032AEB3 /* RxSwift in Frameworks */ = {isa = PBXBuildFile; productRef = E2E3D6F027720E8D0032AEB3 /* RxSwift */; };
		E2E3D6F327720E8D0032AEB3 /* RxTest in Frameworks */ = {isa = PBXBuildFile; productRef = E2E3D6F227720E8D0032AEB3 /* RxTest */; };
		E2E3D6F62773629F0032AEB3 /* BaseViewController.swift in Sources */ = {isa = PBXBuildFile; fileRef = E2E3D6F52773629F0032AEB3 /* BaseViewController.swift */; };
		E2E3D6F8277362B00032AEB3 /* BaseView.swift in Sources */ = {isa = PBXBuildFile; fileRef = E2E3D6F7277362B00032AEB3 /* BaseView.swift */; };
		E2E3D6FA277362CA0032AEB3 /* BaseCollectionViewCell.swift in Sources */ = {isa = PBXBuildFile; fileRef = E2E3D6F9277362CA0032AEB3 /* BaseCollectionViewCell.swift */; };
		E2E3D6FC277363040032AEB3 /* BaseTableViewCell.swift in Sources */ = {isa = PBXBuildFile; fileRef = E2E3D6FB277363040032AEB3 /* BaseTableViewCell.swift */; };
		E2E3D6FE2773634E0032AEB3 /* Reusable.swift in Sources */ = {isa = PBXBuildFile; fileRef = E2E3D6FD2773634E0032AEB3 /* Reusable.swift */; };
		E2E3D7012773644F0032AEB3 /* UIViewControllerExtension.swift in Sources */ = {isa = PBXBuildFile; fileRef = E2E3D7002773644F0032AEB3 /* UIViewControllerExtension.swift */; };
/* End PBXBuildFile section */

/* Begin PBXContainerItemProxy section */
		E29F2B632770565B00F17A13 /* PBXContainerItemProxy */ = {
			isa = PBXContainerItemProxy;
			containerPortal = E29F2B412770565900F17A13 /* Project object */;
			proxyType = 1;
			remoteGlobalIDString = E29F2B482770565900F17A13;
			remoteInfo = CleanMVVM;
		};
		E29F2B6D2770565B00F17A13 /* PBXContainerItemProxy */ = {
			isa = PBXContainerItemProxy;
			containerPortal = E29F2B412770565900F17A13 /* Project object */;
			proxyType = 1;
			remoteGlobalIDString = E29F2B482770565900F17A13;
			remoteInfo = CleanMVVM;
		};
/* End PBXContainerItemProxy section */

/* Begin PBXFileReference section */
		E29F2B492770565900F17A13 /* CleanMVVM.app */ = {isa = PBXFileReference; explicitFileType = wrapper.application; includeInIndex = 0; path = CleanMVVM.app; sourceTree = BUILT_PRODUCTS_DIR; };
		E29F2B4C2770565900F17A13 /* AppDelegate.swift */ = {isa = PBXFileReference; lastKnownFileType = sourcecode.swift; path = AppDelegate.swift; sourceTree = "<group>"; };
		E29F2B4E2770565900F17A13 /* SceneDelegate.swift */ = {isa = PBXFileReference; lastKnownFileType = sourcecode.swift; path = SceneDelegate.swift; sourceTree = "<group>"; };
		E29F2B502770565900F17A13 /* ViewController.swift */ = {isa = PBXFileReference; lastKnownFileType = sourcecode.swift; path = ViewController.swift; sourceTree = "<group>"; };
		E29F2B562770565900F17A13 /* CleanMVVM.xcdatamodel */ = {isa = PBXFileReference; lastKnownFileType = wrapper.xcdatamodel; path = CleanMVVM.xcdatamodel; sourceTree = "<group>"; };
		E29F2B582770565B00F17A13 /* Assets.xcassets */ = {isa = PBXFileReference; lastKnownFileType = folder.assetcatalog; path = Assets.xcassets; sourceTree = "<group>"; };
		E29F2B5B2770565B00F17A13 /* Base */ = {isa = PBXFileReference; lastKnownFileType = file.storyboard; name = Base; path = Base.lproj/LaunchScreen.storyboard; sourceTree = "<group>"; };
		E29F2B5D2770565B00F17A13 /* Info.plist */ = {isa = PBXFileReference; lastKnownFileType = text.plist.xml; path = Info.plist; sourceTree = "<group>"; };
		E29F2B622770565B00F17A13 /* CleanMVVMTests.xctest */ = {isa = PBXFileReference; explicitFileType = wrapper.cfbundle; includeInIndex = 0; path = CleanMVVMTests.xctest; sourceTree = BUILT_PRODUCTS_DIR; };
		E29F2B662770565B00F17A13 /* CleanMVVMTests.swift */ = {isa = PBXFileReference; lastKnownFileType = sourcecode.swift; path = CleanMVVMTests.swift; sourceTree = "<group>"; };
		E29F2B6C2770565B00F17A13 /* CleanMVVMUITests.xctest */ = {isa = PBXFileReference; explicitFileType = wrapper.cfbundle; includeInIndex = 0; path = CleanMVVMUITests.xctest; sourceTree = BUILT_PRODUCTS_DIR; };
		E29F2B702770565B00F17A13 /* CleanMVVMUITests.swift */ = {isa = PBXFileReference; lastKnownFileType = sourcecode.swift; path = CleanMVVMUITests.swift; sourceTree = "<group>"; };
		E29F2B722770565B00F17A13 /* CleanMVVMUITestsLaunchTests.swift */ = {isa = PBXFileReference; lastKnownFileType = sourcecode.swift; path = CleanMVVMUITestsLaunchTests.swift; sourceTree = "<group>"; };
		E29F2B9A277190CC00F17A13 /* Networking.swift */ = {isa = PBXFileReference; lastKnownFileType = sourcecode.swift; path = Networking.swift; sourceTree = "<group>"; };
		E29F2B9D2771912000F17A13 /* Extensions.swift */ = {isa = PBXFileReference; lastKnownFileType = sourcecode.swift; path = Extensions.swift; sourceTree = "<group>"; };
		E29F2BA52771995400F17A13 /* Logger.swift */ = {isa = PBXFileReference; lastKnownFileType = sourcecode.swift; path = Logger.swift; sourceTree = "<group>"; };
		E29F2BA8277199AA00F17A13 /* ViewModelType.swift */ = {isa = PBXFileReference; lastKnownFileType = sourcecode.swift; path = ViewModelType.swift; sourceTree = "<group>"; };
		E29F2BAB277199DF00F17A13 /* CoordinatorType.swift */ = {isa = PBXFileReference; lastKnownFileType = sourcecode.swift; path = CoordinatorType.swift; sourceTree = "<group>"; };
		E29F2BAE27719A0200F17A13 /* TransitionType.swift */ = {isa = PBXFileReference; lastKnownFileType = sourcecode.swift; path = TransitionType.swift; sourceTree = "<group>"; };
		E29F2BB027719D1C00F17A13 /* Scene.swift */ = {isa = PBXFileReference; lastKnownFileType = sourcecode.swift; path = Scene.swift; sourceTree = "<group>"; };
		E29F2BB227719D6C00F17A13 /* AppCoordinator.swift */ = {isa = PBXFileReference; lastKnownFileType = sourcecode.swift; path = AppCoordinator.swift; sourceTree = "<group>"; };
		E29F2BB427719D8800F17A13 /* BindableType.swift */ = {isa = PBXFileReference; lastKnownFileType = sourcecode.swift; path = BindableType.swift; sourceTree = "<group>"; };
		E29F2BB627719DAB00F17A13 /* ServiceProvider.swift */ = {isa = PBXFileReference; lastKnownFileType = sourcecode.swift; path = ServiceProvider.swift; sourceTree = "<group>"; };
		E29F2BB827719DC000F17A13 /* BaseService.swift */ = {isa = PBXFileReference; lastKnownFileType = sourcecode.swift; path = BaseService.swift; sourceTree = "<group>"; };
		E2E3D6E727720B040032AEB3 /* Rx+ViewController.swift */ = {isa = PBXFileReference; lastKnownFileType = sourcecode.swift; path = "Rx+ViewController.swift"; sourceTree = "<group>"; };
		E2E3D6F52773629F0032AEB3 /* BaseViewController.swift */ = {isa = PBXFileReference; lastKnownFileType = sourcecode.swift; path = BaseViewController.swift; sourceTree = "<group>"; };
		E2E3D6F7277362B00032AEB3 /* BaseView.swift */ = {isa = PBXFileReference; lastKnownFileType = sourcecode.swift; path = BaseView.swift; sourceTree = "<group>"; };
		E2E3D6F9277362CA0032AEB3 /* BaseCollectionViewCell.swift */ = {isa = PBXFileReference; lastKnownFileType = sourcecode.swift; path = BaseCollectionViewCell.swift; sourceTree = "<group>"; };
		E2E3D6FB277363040032AEB3 /* BaseTableViewCell.swift */ = {isa = PBXFileReference; lastKnownFileType = sourcecode.swift; path = BaseTableViewCell.swift; sourceTree = "<group>"; };
		E2E3D6FD2773634E0032AEB3 /* Reusable.swift */ = {isa = PBXFileReference; lastKnownFileType = sourcecode.swift; path = Reusable.swift; sourceTree = "<group>"; };
		E2E3D7002773644F0032AEB3 /* UIViewControllerExtension.swift */ = {isa = PBXFileReference; lastKnownFileType = sourcecode.swift; path = UIViewControllerExtension.swift; sourceTree = "<group>"; };
/* End PBXFileReference section */

/* Begin PBXFrameworksBuildPhase section */
		E29F2B462770565900F17A13 /* Frameworks */ = {
			isa = PBXFrameworksBuildPhase;
			buildActionMask = 2147483647;
			files = (
				E2E3D6F127720E8D0032AEB3 /* RxSwift in Frameworks */,
				E2E3D6DD2772094F0032AEB3 /* RxGesture in Frameworks */,
				E2E3D6E527720A1D0032AEB3 /* RxMoya in Frameworks */,
				E29F2BBC27719E1300F17A13 /* Then in Frameworks */,
				E2E3D6ED27720E8D0032AEB3 /* RxCocoa in Frameworks */,
				E29F2BA12771992F00F17A13 /* CocoaLumberjack in Frameworks */,
				E29F2BA32771992F00F17A13 /* CocoaLumberjackSwift in Frameworks */,
				E2E3D6EF27720E8D0032AEB3 /* RxRelay in Frameworks */,
				E2E3D6E327720A1D0032AEB3 /* Moya in Frameworks */,
			);
			runOnlyForDeploymentPostprocessing = 0;
		};
		E29F2B5F2770565B00F17A13 /* Frameworks */ = {
			isa = PBXFrameworksBuildPhase;
			buildActionMask = 2147483647;
			files = (
				E2E3D6F327720E8D0032AEB3 /* RxTest in Frameworks */,
				E2E3D6EB27720E8D0032AEB3 /* RxBlocking in Frameworks */,
			);
			runOnlyForDeploymentPostprocessing = 0;
		};
		E29F2B692770565B00F17A13 /* Frameworks */ = {
			isa = PBXFrameworksBuildPhase;
			buildActionMask = 2147483647;
			files = (
			);
			runOnlyForDeploymentPostprocessing = 0;
		};
/* End PBXFrameworksBuildPhase section */

/* Begin PBXGroup section */
		E29F2B402770565900F17A13 = {
			isa = PBXGroup;
			children = (
				E29F2B4B2770565900F17A13 /* CleanMVVM */,
				E29F2B652770565B00F17A13 /* CleanMVVMTests */,
				E29F2B6F2770565B00F17A13 /* CleanMVVMUITests */,
				E29F2B4A2770565900F17A13 /* Products */,
			);
			sourceTree = "<group>";
		};
		E29F2B4A2770565900F17A13 /* Products */ = {
			isa = PBXGroup;
			children = (
				E29F2B492770565900F17A13 /* CleanMVVM.app */,
				E29F2B622770565B00F17A13 /* CleanMVVMTests.xctest */,
				E29F2B6C2770565B00F17A13 /* CleanMVVMUITests.xctest */,
			);
			name = Products;
			sourceTree = "<group>";
		};
		E29F2B4B2770565900F17A13 /* CleanMVVM */ = {
			isa = PBXGroup;
			children = (
				E29F2B8E27706ADC00F17A13 /* Source */,
				E29F2B8F27706AE600F17A13 /* Resource */,
				E29F2B502770565900F17A13 /* ViewController.swift */,
			);
			path = CleanMVVM;
			sourceTree = "<group>";
		};
		E29F2B652770565B00F17A13 /* CleanMVVMTests */ = {
			isa = PBXGroup;
			children = (
				E29F2B662770565B00F17A13 /* CleanMVVMTests.swift */,
			);
			path = CleanMVVMTests;
			sourceTree = "<group>";
		};
		E29F2B6F2770565B00F17A13 /* CleanMVVMUITests */ = {
			isa = PBXGroup;
			children = (
				E29F2B702770565B00F17A13 /* CleanMVVMUITests.swift */,
				E29F2B722770565B00F17A13 /* CleanMVVMUITestsLaunchTests.swift */,
			);
			path = CleanMVVMUITests;
			sourceTree = "<group>";
		};
		E29F2B8E27706ADC00F17A13 /* Source */ = {
			isa = PBXGroup;
			children = (
				E29F2B9127706B4000F17A13 /* Application */,
				E29F2B9227706B4B00F17A13 /* Data */,
				E29F2B9327706B5300F17A13 /* Domain */,
				E29F2B9427706B5D00F17A13 /* UI */,
				E29F2B952771835B00F17A13 /* Coordinator */,
			);
			path = Source;
			sourceTree = "<group>";
		};
		E29F2B8F27706AE600F17A13 /* Resource */ = {
			isa = PBXGroup;
			children = (
				E29F2B5D2770565B00F17A13 /* Info.plist */,
				E29F2B5A2770565B00F17A13 /* LaunchScreen.storyboard */,
				E29F2B552770565900F17A13 /* CleanMVVM.xcdatamodeld */,
				E29F2B9027706B1000F17A13 /* SupportingFile */,
			);
			path = Resource;
			sourceTree = "<group>";
		};
		E29F2B9027706B1000F17A13 /* SupportingFile */ = {
			isa = PBXGroup;
			children = (
				E29F2B582770565B00F17A13 /* Assets.xcassets */,
			);
			name = SupportingFile;
			sourceTree = "<group>";
		};
		E29F2B9127706B4000F17A13 /* Application */ = {
			isa = PBXGroup;
			children = (
				E29F2BA42771994900F17A13 /* Log */,
				E29F2B9C2771911000F17A13 /* Extension */,
				E29F2B4E2770565900F17A13 /* SceneDelegate.swift */,
				E29F2B4C2770565900F17A13 /* AppDelegate.swift */,
			);
			path = Application;
			sourceTree = "<group>";
		};
		E29F2B9227706B4B00F17A13 /* Data */ = {
			isa = PBXGroup;
			children = (
				E29F2B962771845800F17A13 /* Network */,
			);
			path = Data;
			sourceTree = "<group>";
		};
		E29F2B9327706B5300F17A13 /* Domain */ = {
			isa = PBXGroup;
			children = (
				E29F2B972771846300F17A13 /* Model */,
				E29F2B982771846C00F17A13 /* Service */,
			);
			path = Domain;
			sourceTree = "<group>";
		};
		E29F2B9427706B5D00F17A13 /* UI */ = {
			isa = PBXGroup;
			children = (
				E29F2B992771848000F17A13 /* Common */,
			);
			path = UI;
			sourceTree = "<group>";
		};
		E29F2B952771835B00F17A13 /* Coordinator */ = {
			isa = PBXGroup;
			children = (
				E29F2BAA277199CA00F17A13 /* Common */,
				E29F2BB027719D1C00F17A13 /* Scene.swift */,
				E29F2BB227719D6C00F17A13 /* AppCoordinator.swift */,
			);
			path = Coordinator;
			sourceTree = "<group>";
		};
		E29F2B962771845800F17A13 /* Network */ = {
			isa = PBXGroup;
			children = (
				E29F2B9A277190CC00F17A13 /* Networking.swift */,
			);
			path = Network;
			sourceTree = "<group>";
		};
		E29F2B972771846300F17A13 /* Model */ = {
			isa = PBXGroup;
			children = (
			);
			path = Model;
			sourceTree = "<group>";
		};
		E29F2B982771846C00F17A13 /* Service */ = {
			isa = PBXGroup;
			children = (
				E29F2BB627719DAB00F17A13 /* ServiceProvider.swift */,
				E29F2BB827719DC000F17A13 /* BaseService.swift */,
			);
			path = Service;
			sourceTree = "<group>";
		};
		E29F2B992771848000F17A13 /* Common */ = {
			isa = PBXGroup;
			children = (
				E2E3D6F42773628F0032AEB3 /* Base */,
				E29F2BA8277199AA00F17A13 /* ViewModelType.swift */,
				E29F2BB427719D8800F17A13 /* BindableType.swift */,
				E2E3D6FD2773634E0032AEB3 /* Reusable.swift */,
			);
			path = Common;
			sourceTree = "<group>";
		};
		E29F2B9C2771911000F17A13 /* Extension */ = {
			isa = PBXGroup;
			children = (
				E2E3D6FF2773640E0032AEB3 /* Swift */,
				E2E3D6E627720AF10032AEB3 /* Rx */,
				E29F2B9D2771912000F17A13 /* Extensions.swift */,
			);
			path = Extension;
			sourceTree = "<group>";
		};
		E29F2BA42771994900F17A13 /* Log */ = {
			isa = PBXGroup;
			children = (
				E29F2BA52771995400F17A13 /* Logger.swift */,
			);
			path = Log;
			sourceTree = "<group>";
		};
		E29F2BAA277199CA00F17A13 /* Common */ = {
			isa = PBXGroup;
			children = (
				E29F2BAB277199DF00F17A13 /* CoordinatorType.swift */,
				E29F2BAE27719A0200F17A13 /* TransitionType.swift */,
			);
			path = Common;
			sourceTree = "<group>";
		};
		E2E3D6E627720AF10032AEB3 /* Rx */ = {
			isa = PBXGroup;
			children = (
				E2E3D6E727720B040032AEB3 /* Rx+ViewController.swift */,
			);
			path = Rx;
			sourceTree = "<group>";
		};
		E2E3D6F42773628F0032AEB3 /* Base */ = {
			isa = PBXGroup;
			children = (
				E2E3D6F52773629F0032AEB3 /* BaseViewController.swift */,
				E2E3D6F7277362B00032AEB3 /* BaseView.swift */,
				E2E3D6F9277362CA0032AEB3 /* BaseCollectionViewCell.swift */,
				E2E3D6FB277363040032AEB3 /* BaseTableViewCell.swift */,
			);
			path = Base;
			sourceTree = "<group>";
		};
		E2E3D6FF2773640E0032AEB3 /* Swift */ = {
			isa = PBXGroup;
			children = (
				E2E3D7002773644F0032AEB3 /* UIViewControllerExtension.swift */,
			);
			path = Swift;
			sourceTree = "<group>";
		};
/* End PBXGroup section */

/* Begin PBXNativeTarget section */
		E29F2B482770565900F17A13 /* CleanMVVM */ = {
			isa = PBXNativeTarget;
			buildConfigurationList = E29F2B762770565B00F17A13 /* Build configuration list for PBXNativeTarget "CleanMVVM" */;
			buildPhases = (
				E29F2B452770565900F17A13 /* Sources */,
				E29F2B462770565900F17A13 /* Frameworks */,
				E29F2B472770565900F17A13 /* Resources */,
			);
			buildRules = (
			);
			dependencies = (
			);
			name = CleanMVVM;
			packageProductDependencies = (
				E29F2BA02771992F00F17A13 /* CocoaLumberjack */,
				E29F2BA22771992F00F17A13 /* CocoaLumberjackSwift */,
				E29F2BBB27719E1300F17A13 /* Then */,
				E2E3D6DC2772094F0032AEB3 /* RxGesture */,
				E2E3D6E227720A1D0032AEB3 /* Moya */,
				E2E3D6E427720A1D0032AEB3 /* RxMoya */,
				E2E3D6EC27720E8D0032AEB3 /* RxCocoa */,
				E2E3D6EE27720E8D0032AEB3 /* RxRelay */,
				E2E3D6F027720E8D0032AEB3 /* RxSwift */,
			);
			productName = CleanMVVM;
			productReference = E29F2B492770565900F17A13 /* CleanMVVM.app */;
			productType = "com.apple.product-type.application";
		};
		E29F2B612770565B00F17A13 /* CleanMVVMTests */ = {
			isa = PBXNativeTarget;
			buildConfigurationList = E29F2B792770565B00F17A13 /* Build configuration list for PBXNativeTarget "CleanMVVMTests" */;
			buildPhases = (
				E29F2B5E2770565B00F17A13 /* Sources */,
				E29F2B5F2770565B00F17A13 /* Frameworks */,
				E29F2B602770565B00F17A13 /* Resources */,
			);
			buildRules = (
			);
			dependencies = (
				E29F2B642770565B00F17A13 /* PBXTargetDependency */,
			);
			name = CleanMVVMTests;
			packageProductDependencies = (
				E2E3D6EA27720E8D0032AEB3 /* RxBlocking */,
				E2E3D6F227720E8D0032AEB3 /* RxTest */,
			);
			productName = CleanMVVMTests;
			productReference = E29F2B622770565B00F17A13 /* CleanMVVMTests.xctest */;
			productType = "com.apple.product-type.bundle.unit-test";
		};
		E29F2B6B2770565B00F17A13 /* CleanMVVMUITests */ = {
			isa = PBXNativeTarget;
			buildConfigurationList = E29F2B7C2770565B00F17A13 /* Build configuration list for PBXNativeTarget "CleanMVVMUITests" */;
			buildPhases = (
				E29F2B682770565B00F17A13 /* Sources */,
				E29F2B692770565B00F17A13 /* Frameworks */,
				E29F2B6A2770565B00F17A13 /* Resources */,
			);
			buildRules = (
			);
			dependencies = (
				E29F2B6E2770565B00F17A13 /* PBXTargetDependency */,
			);
			name = CleanMVVMUITests;
			productName = CleanMVVMUITests;
			productReference = E29F2B6C2770565B00F17A13 /* CleanMVVMUITests.xctest */;
			productType = "com.apple.product-type.bundle.ui-testing";
		};
/* End PBXNativeTarget section */

/* Begin PBXProject section */
		E29F2B412770565900F17A13 /* Project object */ = {
			isa = PBXProject;
			attributes = {
				BuildIndependentTargetsInParallel = 1;
				LastSwiftUpdateCheck = 1320;
				LastUpgradeCheck = 1320;
				TargetAttributes = {
					E29F2B482770565900F17A13 = {
						CreatedOnToolsVersion = 13.2.1;
					};
					E29F2B612770565B00F17A13 = {
						CreatedOnToolsVersion = 13.2.1;
						TestTargetID = E29F2B482770565900F17A13;
					};
					E29F2B6B2770565B00F17A13 = {
						CreatedOnToolsVersion = 13.2.1;
						TestTargetID = E29F2B482770565900F17A13;
					};
				};
			};
			buildConfigurationList = E29F2B442770565900F17A13 /* Build configuration list for PBXProject "CleanMVVM" */;
			compatibilityVersion = "Xcode 13.0";
			developmentRegion = en;
			hasScannedForEncodings = 0;
			knownRegions = (
				en,
				Base,
			);
			mainGroup = E29F2B402770565900F17A13;
			packageReferences = (
				E29F2B87277056EC00F17A13 /* XCRemoteSwiftPackageReference "Kingfisher" */,
				E29F2B9F2771992F00F17A13 /* XCRemoteSwiftPackageReference "CocoaLumberjack" */,
				E29F2BBA27719E1300F17A13 /* XCRemoteSwiftPackageReference "Then" */,
				E2E3D6DB2772094F0032AEB3 /* XCRemoteSwiftPackageReference "RxGesture" */,
				E2E3D6E127720A1D0032AEB3 /* XCRemoteSwiftPackageReference "Moya" */,
				E2E3D6E927720E8D0032AEB3 /* XCRemoteSwiftPackageReference "RxSwift" */,
			);
			productRefGroup = E29F2B4A2770565900F17A13 /* Products */;
			projectDirPath = "";
			projectRoot = "";
			targets = (
				E29F2B482770565900F17A13 /* CleanMVVM */,
				E29F2B612770565B00F17A13 /* CleanMVVMTests */,
				E29F2B6B2770565B00F17A13 /* CleanMVVMUITests */,
			);
		};
/* End PBXProject section */

/* Begin PBXResourcesBuildPhase section */
		E29F2B472770565900F17A13 /* Resources */ = {
			isa = PBXResourcesBuildPhase;
			buildActionMask = 2147483647;
			files = (
				E29F2B5C2770565B00F17A13 /* LaunchScreen.storyboard in Resources */,
				E29F2B592770565B00F17A13 /* Assets.xcassets in Resources */,
			);
			runOnlyForDeploymentPostprocessing = 0;
		};
		E29F2B602770565B00F17A13 /* Resources */ = {
			isa = PBXResourcesBuildPhase;
			buildActionMask = 2147483647;
			files = (
			);
			runOnlyForDeploymentPostprocessing = 0;
		};
		E29F2B6A2770565B00F17A13 /* Resources */ = {
			isa = PBXResourcesBuildPhase;
			buildActionMask = 2147483647;
			files = (
			);
			runOnlyForDeploymentPostprocessing = 0;
		};
/* End PBXResourcesBuildPhase section */

/* Begin PBXSourcesBuildPhase section */
		E29F2B452770565900F17A13 /* Sources */ = {
			isa = PBXSourcesBuildPhase;
			buildActionMask = 2147483647;
			files = (
				E29F2BB327719D6C00F17A13 /* AppCoordinator.swift in Sources */,
				E29F2B512770565900F17A13 /* ViewController.swift in Sources */,
				E29F2BB727719DAB00F17A13 /* ServiceProvider.swift in Sources */,
				E29F2B9E2771912000F17A13 /* Extensions.swift in Sources */,
				E29F2BAF27719A0200F17A13 /* TransitionType.swift in Sources */,
				E2E3D6FE2773634E0032AEB3 /* Reusable.swift in Sources */,
				E2E3D6FA277362CA0032AEB3 /* BaseCollectionViewCell.swift in Sources */,
				E29F2B9B277190CC00F17A13 /* Networking.swift in Sources */,
				E2E3D6E827720B040032AEB3 /* Rx+ViewController.swift in Sources */,
				E2E3D6FC277363040032AEB3 /* BaseTableViewCell.swift in Sources */,
				E2E3D6F62773629F0032AEB3 /* BaseViewController.swift in Sources */,
				E29F2BB527719D8800F17A13 /* BindableType.swift in Sources */,
				E29F2B4D2770565900F17A13 /* AppDelegate.swift in Sources */,
				E29F2BB927719DC000F17A13 /* BaseService.swift in Sources */,
				E29F2BA9277199AA00F17A13 /* ViewModelType.swift in Sources */,
				E29F2BAC277199DF00F17A13 /* CoordinatorType.swift in Sources */,
				E29F2BA62771995400F17A13 /* Logger.swift in Sources */,
				E29F2B4F2770565900F17A13 /* SceneDelegate.swift in Sources */,
				E2E3D6F8277362B00032AEB3 /* BaseView.swift in Sources */,
				E29F2B572770565900F17A13 /* CleanMVVM.xcdatamodeld in Sources */,
				E2E3D7012773644F0032AEB3 /* UIViewControllerExtension.swift in Sources */,
				E29F2BB127719D1C00F17A13 /* Scene.swift in Sources */,
			);
			runOnlyForDeploymentPostprocessing = 0;
		};
		E29F2B5E2770565B00F17A13 /* Sources */ = {
			isa = PBXSourcesBuildPhase;
			buildActionMask = 2147483647;
			files = (
				E29F2B672770565B00F17A13 /* CleanMVVMTests.swift in Sources */,
			);
			runOnlyForDeploymentPostprocessing = 0;
		};
		E29F2B682770565B00F17A13 /* Sources */ = {
			isa = PBXSourcesBuildPhase;
			buildActionMask = 2147483647;
			files = (
				E29F2B732770565B00F17A13 /* CleanMVVMUITestsLaunchTests.swift in Sources */,
				E29F2B712770565B00F17A13 /* CleanMVVMUITests.swift in Sources */,
			);
			runOnlyForDeploymentPostprocessing = 0;
		};
/* End PBXSourcesBuildPhase section */

/* Begin PBXTargetDependency section */
		E29F2B642770565B00F17A13 /* PBXTargetDependency */ = {
			isa = PBXTargetDependency;
			target = E29F2B482770565900F17A13 /* CleanMVVM */;
			targetProxy = E29F2B632770565B00F17A13 /* PBXContainerItemProxy */;
		};
		E29F2B6E2770565B00F17A13 /* PBXTargetDependency */ = {
			isa = PBXTargetDependency;
			target = E29F2B482770565900F17A13 /* CleanMVVM */;
			targetProxy = E29F2B6D2770565B00F17A13 /* PBXContainerItemProxy */;
		};
/* End PBXTargetDependency section */

/* Begin PBXVariantGroup section */
		E29F2B5A2770565B00F17A13 /* LaunchScreen.storyboard */ = {
			isa = PBXVariantGroup;
			children = (
				E29F2B5B2770565B00F17A13 /* Base */,
			);
			name = LaunchScreen.storyboard;
			sourceTree = "<group>";
		};
/* End PBXVariantGroup section */

/* Begin XCBuildConfiguration section */
		E29F2B742770565B00F17A13 /* Debug */ = {
			isa = XCBuildConfiguration;
			buildSettings = {
				ALWAYS_SEARCH_USER_PATHS = NO;
				CLANG_ANALYZER_NONNULL = YES;
				CLANG_ANALYZER_NUMBER_OBJECT_CONVERSION = YES_AGGRESSIVE;
				CLANG_CXX_LANGUAGE_STANDARD = "gnu++17";
				CLANG_CXX_LIBRARY = "libc++";
				CLANG_ENABLE_MODULES = YES;
				CLANG_ENABLE_OBJC_ARC = YES;
				CLANG_ENABLE_OBJC_WEAK = YES;
				CLANG_WARN_BLOCK_CAPTURE_AUTORELEASING = YES;
				CLANG_WARN_BOOL_CONVERSION = YES;
				CLANG_WARN_COMMA = YES;
				CLANG_WARN_CONSTANT_CONVERSION = YES;
				CLANG_WARN_DEPRECATED_OBJC_IMPLEMENTATIONS = YES;
				CLANG_WARN_DIRECT_OBJC_ISA_USAGE = YES_ERROR;
				CLANG_WARN_DOCUMENTATION_COMMENTS = YES;
				CLANG_WARN_EMPTY_BODY = YES;
				CLANG_WARN_ENUM_CONVERSION = YES;
				CLANG_WARN_INFINITE_RECURSION = YES;
				CLANG_WARN_INT_CONVERSION = YES;
				CLANG_WARN_NON_LITERAL_NULL_CONVERSION = YES;
				CLANG_WARN_OBJC_IMPLICIT_RETAIN_SELF = YES;
				CLANG_WARN_OBJC_LITERAL_CONVERSION = YES;
				CLANG_WARN_OBJC_ROOT_CLASS = YES_ERROR;
				CLANG_WARN_QUOTED_INCLUDE_IN_FRAMEWORK_HEADER = YES;
				CLANG_WARN_RANGE_LOOP_ANALYSIS = YES;
				CLANG_WARN_STRICT_PROTOTYPES = YES;
				CLANG_WARN_SUSPICIOUS_MOVE = YES;
				CLANG_WARN_UNGUARDED_AVAILABILITY = YES_AGGRESSIVE;
				CLANG_WARN_UNREACHABLE_CODE = YES;
				CLANG_WARN__DUPLICATE_METHOD_MATCH = YES;
				COPY_PHASE_STRIP = NO;
				DEBUG_INFORMATION_FORMAT = dwarf;
				ENABLE_STRICT_OBJC_MSGSEND = YES;
				ENABLE_TESTABILITY = YES;
				GCC_C_LANGUAGE_STANDARD = gnu11;
				GCC_DYNAMIC_NO_PIC = NO;
				GCC_NO_COMMON_BLOCKS = YES;
				GCC_OPTIMIZATION_LEVEL = 0;
				GCC_PREPROCESSOR_DEFINITIONS = (
					"DEBUG=1",
					"$(inherited)",
				);
				GCC_WARN_64_TO_32_BIT_CONVERSION = YES;
				GCC_WARN_ABOUT_RETURN_TYPE = YES_ERROR;
				GCC_WARN_UNDECLARED_SELECTOR = YES;
				GCC_WARN_UNINITIALIZED_AUTOS = YES_AGGRESSIVE;
				GCC_WARN_UNUSED_FUNCTION = YES;
				GCC_WARN_UNUSED_VARIABLE = YES;
				IPHONEOS_DEPLOYMENT_TARGET = 14.0;
				MTL_ENABLE_DEBUG_INFO = INCLUDE_SOURCE;
				MTL_FAST_MATH = YES;
				ONLY_ACTIVE_ARCH = YES;
				SDKROOT = iphoneos;
				SWIFT_ACTIVE_COMPILATION_CONDITIONS = DEBUG;
				SWIFT_OPTIMIZATION_LEVEL = "-Onone";
			};
			name = Debug;
		};
		E29F2B752770565B00F17A13 /* Release */ = {
			isa = XCBuildConfiguration;
			buildSettings = {
				ALWAYS_SEARCH_USER_PATHS = NO;
				CLANG_ANALYZER_NONNULL = YES;
				CLANG_ANALYZER_NUMBER_OBJECT_CONVERSION = YES_AGGRESSIVE;
				CLANG_CXX_LANGUAGE_STANDARD = "gnu++17";
				CLANG_CXX_LIBRARY = "libc++";
				CLANG_ENABLE_MODULES = YES;
				CLANG_ENABLE_OBJC_ARC = YES;
				CLANG_ENABLE_OBJC_WEAK = YES;
				CLANG_WARN_BLOCK_CAPTURE_AUTORELEASING = YES;
				CLANG_WARN_BOOL_CONVERSION = YES;
				CLANG_WARN_COMMA = YES;
				CLANG_WARN_CONSTANT_CONVERSION = YES;
				CLANG_WARN_DEPRECATED_OBJC_IMPLEMENTATIONS = YES;
				CLANG_WARN_DIRECT_OBJC_ISA_USAGE = YES_ERROR;
				CLANG_WARN_DOCUMENTATION_COMMENTS = YES;
				CLANG_WARN_EMPTY_BODY = YES;
				CLANG_WARN_ENUM_CONVERSION = YES;
				CLANG_WARN_INFINITE_RECURSION = YES;
				CLANG_WARN_INT_CONVERSION = YES;
				CLANG_WARN_NON_LITERAL_NULL_CONVERSION = YES;
				CLANG_WARN_OBJC_IMPLICIT_RETAIN_SELF = YES;
				CLANG_WARN_OBJC_LITERAL_CONVERSION = YES;
				CLANG_WARN_OBJC_ROOT_CLASS = YES_ERROR;
				CLANG_WARN_QUOTED_INCLUDE_IN_FRAMEWORK_HEADER = YES;
				CLANG_WARN_RANGE_LOOP_ANALYSIS = YES;
				CLANG_WARN_STRICT_PROTOTYPES = YES;
				CLANG_WARN_SUSPICIOUS_MOVE = YES;
				CLANG_WARN_UNGUARDED_AVAILABILITY = YES_AGGRESSIVE;
				CLANG_WARN_UNREACHABLE_CODE = YES;
				CLANG_WARN__DUPLICATE_METHOD_MATCH = YES;
				COPY_PHASE_STRIP = NO;
				DEBUG_INFORMATION_FORMAT = "dwarf-with-dsym";
				ENABLE_NS_ASSERTIONS = NO;
				ENABLE_STRICT_OBJC_MSGSEND = YES;
				GCC_C_LANGUAGE_STANDARD = gnu11;
				GCC_NO_COMMON_BLOCKS = YES;
				GCC_WARN_64_TO_32_BIT_CONVERSION = YES;
				GCC_WARN_ABOUT_RETURN_TYPE = YES_ERROR;
				GCC_WARN_UNDECLARED_SELECTOR = YES;
				GCC_WARN_UNINITIALIZED_AUTOS = YES_AGGRESSIVE;
				GCC_WARN_UNUSED_FUNCTION = YES;
				GCC_WARN_UNUSED_VARIABLE = YES;
				IPHONEOS_DEPLOYMENT_TARGET = 14.0;
				MTL_ENABLE_DEBUG_INFO = NO;
				MTL_FAST_MATH = YES;
				SDKROOT = iphoneos;
				SWIFT_COMPILATION_MODE = wholemodule;
				SWIFT_OPTIMIZATION_LEVEL = "-O";
				VALIDATE_PRODUCT = YES;
			};
			name = Release;
		};
		E29F2B772770565B00F17A13 /* Debug */ = {
			isa = XCBuildConfiguration;
			buildSettings = {
				ASSETCATALOG_COMPILER_APPICON_NAME = AppIcon;
				ASSETCATALOG_COMPILER_GLOBAL_ACCENT_COLOR_NAME = AccentColor;
				CODE_SIGN_STYLE = Automatic;
				CURRENT_PROJECT_VERSION = 1;
				DEVELOPMENT_TEAM = Z339Z9FD2H;
				GENERATE_INFOPLIST_FILE = YES;
				INFOPLIST_FILE = CleanMVVM/Resource/Info.plist;
				INFOPLIST_KEY_UIApplicationSupportsIndirectInputEvents = YES;
				INFOPLIST_KEY_UILaunchStoryboardName = LaunchScreen;
				INFOPLIST_KEY_UIMainStoryboardFile = Main;
				INFOPLIST_KEY_UISupportedInterfaceOrientations_iPad = "UIInterfaceOrientationPortrait UIInterfaceOrientationPortraitUpsideDown UIInterfaceOrientationLandscapeLeft UIInterfaceOrientationLandscapeRight";
				INFOPLIST_KEY_UISupportedInterfaceOrientations_iPhone = "UIInterfaceOrientationPortrait UIInterfaceOrientationLandscapeLeft UIInterfaceOrientationLandscapeRight";
				LD_RUNPATH_SEARCH_PATHS = (
					"$(inherited)",
					"@executable_path/Frameworks",
				);
				MARKETING_VERSION = 1.0;
				PRODUCT_BUNDLE_IDENTIFIER = com.solchan.CleanMVVM;
				PRODUCT_NAME = "$(TARGET_NAME)";
				SWIFT_EMIT_LOC_STRINGS = YES;
				SWIFT_VERSION = 5.0;
				TARGETED_DEVICE_FAMILY = "1,2";
			};
			name = Debug;
		};
		E29F2B782770565B00F17A13 /* Release */ = {
			isa = XCBuildConfiguration;
			buildSettings = {
				ASSETCATALOG_COMPILER_APPICON_NAME = AppIcon;
				ASSETCATALOG_COMPILER_GLOBAL_ACCENT_COLOR_NAME = AccentColor;
				CODE_SIGN_STYLE = Automatic;
				CURRENT_PROJECT_VERSION = 1;
				DEVELOPMENT_TEAM = Z339Z9FD2H;
				GENERATE_INFOPLIST_FILE = YES;
				INFOPLIST_FILE = CleanMVVM/Resource/Info.plist;
				INFOPLIST_KEY_UIApplicationSupportsIndirectInputEvents = YES;
				INFOPLIST_KEY_UILaunchStoryboardName = LaunchScreen;
				INFOPLIST_KEY_UIMainStoryboardFile = Main;
				INFOPLIST_KEY_UISupportedInterfaceOrientations_iPad = "UIInterfaceOrientationPortrait UIInterfaceOrientationPortraitUpsideDown UIInterfaceOrientationLandscapeLeft UIInterfaceOrientationLandscapeRight";
				INFOPLIST_KEY_UISupportedInterfaceOrientations_iPhone = "UIInterfaceOrientationPortrait UIInterfaceOrientationLandscapeLeft UIInterfaceOrientationLandscapeRight";
				LD_RUNPATH_SEARCH_PATHS = (
					"$(inherited)",
					"@executable_path/Frameworks",
				);
				MARKETING_VERSION = 1.0;
				PRODUCT_BUNDLE_IDENTIFIER = com.solchan.CleanMVVM;
				PRODUCT_NAME = "$(TARGET_NAME)";
				SWIFT_EMIT_LOC_STRINGS = YES;
				SWIFT_VERSION = 5.0;
				TARGETED_DEVICE_FAMILY = "1,2";
			};
			name = Release;
		};
		E29F2B7A2770565B00F17A13 /* Debug */ = {
			isa = XCBuildConfiguration;
			buildSettings = {
				ALWAYS_EMBED_SWIFT_STANDARD_LIBRARIES = YES;
				BUNDLE_LOADER = "$(TEST_HOST)";
				CODE_SIGN_STYLE = Automatic;
				CURRENT_PROJECT_VERSION = 1;
				DEVELOPMENT_TEAM = Z339Z9FD2H;
				GENERATE_INFOPLIST_FILE = YES;
				IPHONEOS_DEPLOYMENT_TARGET = 14.0;
				MARKETING_VERSION = 1.0;
				PRODUCT_BUNDLE_IDENTIFIER = com.solchan.CleanMVVMTests;
				PRODUCT_NAME = "$(TARGET_NAME)";
				SWIFT_EMIT_LOC_STRINGS = NO;
				SWIFT_VERSION = 5.0;
				TARGETED_DEVICE_FAMILY = "1,2";
				TEST_HOST = "$(BUILT_PRODUCTS_DIR)/CleanMVVM.app/CleanMVVM";
			};
			name = Debug;
		};
		E29F2B7B2770565B00F17A13 /* Release */ = {
			isa = XCBuildConfiguration;
			buildSettings = {
				ALWAYS_EMBED_SWIFT_STANDARD_LIBRARIES = YES;
				BUNDLE_LOADER = "$(TEST_HOST)";
				CODE_SIGN_STYLE = Automatic;
				CURRENT_PROJECT_VERSION = 1;
				DEVELOPMENT_TEAM = Z339Z9FD2H;
				GENERATE_INFOPLIST_FILE = YES;
				IPHONEOS_DEPLOYMENT_TARGET = 14.0;
				MARKETING_VERSION = 1.0;
				PRODUCT_BUNDLE_IDENTIFIER = com.solchan.CleanMVVMTests;
				PRODUCT_NAME = "$(TARGET_NAME)";
				SWIFT_EMIT_LOC_STRINGS = NO;
				SWIFT_VERSION = 5.0;
				TARGETED_DEVICE_FAMILY = "1,2";
				TEST_HOST = "$(BUILT_PRODUCTS_DIR)/CleanMVVM.app/CleanMVVM";
			};
			name = Release;
		};
		E29F2B7D2770565B00F17A13 /* Debug */ = {
			isa = XCBuildConfiguration;
			buildSettings = {
				ALWAYS_EMBED_SWIFT_STANDARD_LIBRARIES = YES;
				CODE_SIGN_STYLE = Automatic;
				CURRENT_PROJECT_VERSION = 1;
				DEVELOPMENT_TEAM = Z339Z9FD2H;
				GENERATE_INFOPLIST_FILE = YES;
				MARKETING_VERSION = 1.0;
				PRODUCT_BUNDLE_IDENTIFIER = com.solchan.CleanMVVMUITests;
				PRODUCT_NAME = "$(TARGET_NAME)";
				SWIFT_EMIT_LOC_STRINGS = NO;
				SWIFT_VERSION = 5.0;
				TARGETED_DEVICE_FAMILY = "1,2";
				TEST_TARGET_NAME = CleanMVVM;
			};
			name = Debug;
		};
		E29F2B7E2770565B00F17A13 /* Release */ = {
			isa = XCBuildConfiguration;
			buildSettings = {
				ALWAYS_EMBED_SWIFT_STANDARD_LIBRARIES = YES;
				CODE_SIGN_STYLE = Automatic;
				CURRENT_PROJECT_VERSION = 1;
				DEVELOPMENT_TEAM = Z339Z9FD2H;
				GENERATE_INFOPLIST_FILE = YES;
				MARKETING_VERSION = 1.0;
				PRODUCT_BUNDLE_IDENTIFIER = com.solchan.CleanMVVMUITests;
				PRODUCT_NAME = "$(TARGET_NAME)";
				SWIFT_EMIT_LOC_STRINGS = NO;
				SWIFT_VERSION = 5.0;
				TARGETED_DEVICE_FAMILY = "1,2";
				TEST_TARGET_NAME = CleanMVVM;
			};
			name = Release;
		};
/* End XCBuildConfiguration section */

/* Begin XCConfigurationList section */
		E29F2B442770565900F17A13 /* Build configuration list for PBXProject "CleanMVVM" */ = {
			isa = XCConfigurationList;
			buildConfigurations = (
				E29F2B742770565B00F17A13 /* Debug */,
				E29F2B752770565B00F17A13 /* Release */,
			);
			defaultConfigurationIsVisible = 0;
			defaultConfigurationName = Release;
		};
		E29F2B762770565B00F17A13 /* Build configuration list for PBXNativeTarget "CleanMVVM" */ = {
			isa = XCConfigurationList;
			buildConfigurations = (
				E29F2B772770565B00F17A13 /* Debug */,
				E29F2B782770565B00F17A13 /* Release */,
			);
			defaultConfigurationIsVisible = 0;
			defaultConfigurationName = Release;
		};
		E29F2B792770565B00F17A13 /* Build configuration list for PBXNativeTarget "CleanMVVMTests" */ = {
			isa = XCConfigurationList;
			buildConfigurations = (
				E29F2B7A2770565B00F17A13 /* Debug */,
				E29F2B7B2770565B00F17A13 /* Release */,
			);
			defaultConfigurationIsVisible = 0;
			defaultConfigurationName = Release;
		};
		E29F2B7C2770565B00F17A13 /* Build configuration list for PBXNativeTarget "CleanMVVMUITests" */ = {
			isa = XCConfigurationList;
			buildConfigurations = (
				E29F2B7D2770565B00F17A13 /* Debug */,
				E29F2B7E2770565B00F17A13 /* Release */,
			);
			defaultConfigurationIsVisible = 0;
			defaultConfigurationName = Release;
		};
/* End XCConfigurationList section */

/* Begin XCRemoteSwiftPackageReference section */
		E29F2B87277056EC00F17A13 /* XCRemoteSwiftPackageReference "Kingfisher" */ = {
			isa = XCRemoteSwiftPackageReference;
			repositoryURL = "https://github.com/onevcat/Kingfisher.git";
			requirement = {
				kind = upToNextMajorVersion;
				minimumVersion = 7.0.0;
			};
		};
		E29F2B9F2771992F00F17A13 /* XCRemoteSwiftPackageReference "CocoaLumberjack" */ = {
			isa = XCRemoteSwiftPackageReference;
			repositoryURL = "https://github.com/CocoaLumberjack/CocoaLumberjack.git";
			requirement = {
				kind = upToNextMajorVersion;
				minimumVersion = 3.0.0;
			};
		};
		E29F2BBA27719E1300F17A13 /* XCRemoteSwiftPackageReference "Then" */ = {
			isa = XCRemoteSwiftPackageReference;
			repositoryURL = "https://github.com/devxoul/Then.git";
			requirement = {
				kind = upToNextMajorVersion;
				minimumVersion = 2.0.0;
			};
		};
		E2E3D6DB2772094F0032AEB3 /* XCRemoteSwiftPackageReference "RxGesture" */ = {
			isa = XCRemoteSwiftPackageReference;
			repositoryURL = "https://github.com/RxSwiftCommunity/RxGesture.git";
			requirement = {
				kind = upToNextMajorVersion;
				minimumVersion = 4.0.2;
			};
		};
		E2E3D6E127720A1D0032AEB3 /* XCRemoteSwiftPackageReference "Moya" */ = {
			isa = XCRemoteSwiftPackageReference;
			repositoryURL = "https://github.com/Moya/Moya.git";
			requirement = {
				kind = upToNextMajorVersion;
				minimumVersion = 15.0.0;
			};
		};
		E2E3D6E927720E8D0032AEB3 /* XCRemoteSwiftPackageReference "RxSwift" */ = {
			isa = XCRemoteSwiftPackageReference;
			repositoryURL = "https://github.com/ReactiveX/RxSwift.git";
			requirement = {
				kind = upToNextMajorVersion;
				minimumVersion = 6.2.0;
			};
		};
/* End XCRemoteSwiftPackageReference section */

/* Begin XCSwiftPackageProductDependency section */
		E29F2BA02771992F00F17A13 /* CocoaLumberjack */ = {
			isa = XCSwiftPackageProductDependency;
			package = E29F2B9F2771992F00F17A13 /* XCRemoteSwiftPackageReference "CocoaLumberjack" */;
			productName = CocoaLumberjack;
		};
		E29F2BA22771992F00F17A13 /* CocoaLumberjackSwift */ = {
			isa = XCSwiftPackageProductDependency;
			package = E29F2B9F2771992F00F17A13 /* XCRemoteSwiftPackageReference "CocoaLumberjack" */;
			productName = CocoaLumberjackSwift;
		};
		E29F2BBB27719E1300F17A13 /* Then */ = {
			isa = XCSwiftPackageProductDependency;
			package = E29F2BBA27719E1300F17A13 /* XCRemoteSwiftPackageReference "Then" */;
			productName = Then;
		};
		E2E3D6DC2772094F0032AEB3 /* RxGesture */ = {
			isa = XCSwiftPackageProductDependency;
			package = E2E3D6DB2772094F0032AEB3 /* XCRemoteSwiftPackageReference "RxGesture" */;
			productName = RxGesture;
		};
		E2E3D6E227720A1D0032AEB3 /* Moya */ = {
			isa = XCSwiftPackageProductDependency;
			package = E2E3D6E127720A1D0032AEB3 /* XCRemoteSwiftPackageReference "Moya" */;
			productName = Moya;
		};
		E2E3D6E427720A1D0032AEB3 /* RxMoya */ = {
			isa = XCSwiftPackageProductDependency;
			package = E2E3D6E127720A1D0032AEB3 /* XCRemoteSwiftPackageReference "Moya" */;
			productName = RxMoya;
		};
		E2E3D6EA27720E8D0032AEB3 /* RxBlocking */ = {
			isa = XCSwiftPackageProductDependency;
			package = E2E3D6E927720E8D0032AEB3 /* XCRemoteSwiftPackageReference "RxSwift" */;
			productName = RxBlocking;
		};
		E2E3D6EC27720E8D0032AEB3 /* RxCocoa */ = {
			isa = XCSwiftPackageProductDependency;
			package = E2E3D6E927720E8D0032AEB3 /* XCRemoteSwiftPackageReference "RxSwift" */;
			productName = RxCocoa;
		};
		E2E3D6EE27720E8D0032AEB3 /* RxRelay */ = {
			isa = XCSwiftPackageProductDependency;
			package = E2E3D6E927720E8D0032AEB3 /* XCRemoteSwiftPackageReference "RxSwift" */;
			productName = RxRelay;
		};
		E2E3D6F027720E8D0032AEB3 /* RxSwift */ = {
			isa = XCSwiftPackageProductDependency;
			package = E2E3D6E927720E8D0032AEB3 /* XCRemoteSwiftPackageReference "RxSwift" */;
			productName = RxSwift;
		};
		E2E3D6F227720E8D0032AEB3 /* RxTest */ = {
			isa = XCSwiftPackageProductDependency;
			package = E2E3D6E927720E8D0032AEB3 /* XCRemoteSwiftPackageReference "RxSwift" */;
			productName = RxTest;
		};
/* End XCSwiftPackageProductDependency section */

/* Begin XCVersionGroup section */
		E29F2B552770565900F17A13 /* CleanMVVM.xcdatamodeld */ = {
			isa = XCVersionGroup;
			children = (
				E29F2B562770565900F17A13 /* CleanMVVM.xcdatamodel */,
			);
			currentVersion = E29F2B562770565900F17A13 /* CleanMVVM.xcdatamodel */;
			path = CleanMVVM.xcdatamodeld;
			sourceTree = "<group>";
			versionGroupType = wrapper.xcdatamodel;
		};
/* End XCVersionGroup section */
	};
	rootObject = E29F2B412770565900F17A13 /* Project object */;
}
